{
  "name": "wonder-reader",
  "version": "1.1.1",
  "lockfileVersion": 1,
  "requires": true,
  "dependencies": {
    "@fknop/node-unrar": {
      "version": "1.1.0",
      "resolved": "https://registry.npmjs.org/@fknop/node-unrar/-/node-unrar-1.1.0.tgz",
      "integrity": "sha1-ZtaNTSwb3P+fD14/PjQ2+BSfXiU=",
      "requires": {
        "bindings": "^1.2.1",
        "nan": "^2.4.0"
      }
    },
    "bindings": {
      "version": "1.3.0",
      "resolved": "https://registry.npmjs.org/bindings/-/bindings-1.3.0.tgz",
      "integrity": "sha512-DpLh5EzMR2kzvX1KIlVC0VkC3iZtHKTgdtZ0a3pglBZdaQFjt5S9g9xd1lE+YvXyfd6mtCeRnrUfOLYiTMlNSw=="
    },
    "nan": {
      "version": "2.10.0",
      "resolved": "https://registry.npmjs.org/nan/-/nan-2.10.0.tgz",
      "integrity": "sha512-bAdJv7fBLhWC+/Bls0Oza+mvTaNQtP+1RyhhhvD95pgUJz6XM5IzgmxOkItJ9tkoCiplvAnXI1tNmmUD/eScyA=="
    },
    "typeface-carter-one": {
      "version": "0.0.54",
      "resolved": "https://registry.npmjs.org/typeface-carter-one/-/typeface-carter-one-0.0.54.tgz",
      "integrity": "sha512-LMEzK5NfwejnqhcTYykI9L+wn2817Lkq8jXMdQ6+LrpgjsOQ2cfXv705qxZZHG/k2CJ3eHnbXSS7xDQ5dyjtMQ=="
    },
    "typeface-montserrat": {
      "version": "0.0.54",
      "resolved": "https://registry.npmjs.org/typeface-montserrat/-/typeface-montserrat-0.0.54.tgz",
      "integrity": "sha512-Typhap0PWT299+Va0G/8ZtycHMXrH4gBWKfiW977KEBx5rXUUCa70gvqLx1fdA0WAo6bhSAQmo8uc+QFAmjPww=="
    }
  }
}
